{
  "version": 4,
  "terraform_version": "1.8.1",
  "serial": 22,
  "lineage": "a4fdbec8-c2e8-8786-fbde-626b15d42cd9",
  "outputs": {},
  "resources": [
    {
      "mode": "managed",
      "type": "github_repository",
      "name": "Terraform_Repository",
      "provider": "provider[\"registry.terraform.io/integrations/github\"]",
      "instances": [
        {
          "schema_version": 1,
          "attributes": {
            "allow_auto_merge": false,
            "allow_merge_commit": true,
            "allow_rebase_merge": true,
            "allow_squash_merge": true,
            "allow_update_branch": false,
            "archive_on_destroy": null,
            "archived": false,
            "auto_init": null,
            "default_branch": "main",
            "delete_branch_on_merge": false,
            "description": "My awesome repository",
            "etag": "W/\"bafd29fc99a6dfeaa1a834d79f16b7bc09939b03749c70847a3c3f18b8c538c9\"",
            "full_name": "dasanchezga/Terraform_Repository",
            "git_clone_url": "git://github.com/dasanchezga/Terraform_Repository.git",
            "gitignore_template": null,
            "has_discussions": false,
            "has_downloads": false,
            "has_issues": false,
            "has_projects": false,
            "has_wiki": false,
            "homepage_url": "",
            "html_url": "https://github.com/dasanchezga/Terraform_Repository",
            "http_clone_url": "https://github.com/dasanchezga/Terraform_Repository.git",
            "id": "Terraform_Repository",
            "ignore_vulnerability_alerts_during_read": null,
            "is_template": false,
            "license_template": null,
            "merge_commit_message": "PR_TITLE",
            "merge_commit_title": "MERGE_MESSAGE",
            "name": "Terraform_Repository",
            "node_id": "R_kgDOLvtRIw",
            "pages": [],
            "primary_language": "",
            "private": false,
            "repo_id": 788222243,
            "security_and_analysis": [
              {
                "advanced_security": [],
                "secret_scanning": [
                  {
                    "status": "enabled"
                  }
                ],
                "secret_scanning_push_protection": [
                  {
                    "status": "enabled"
                  }
                ]
              }
            ],
            "squash_merge_commit_message": "COMMIT_MESSAGES",
            "squash_merge_commit_title": "COMMIT_OR_PR_TITLE",
            "ssh_clone_url": "git@github.com:dasanchezga/Terraform_Repository.git",
            "svn_url": "https://github.com/dasanchezga/Terraform_Repository",
            "template": [],
            "topics": [],
            "visibility": "public",
            "vulnerability_alerts": false,
            "web_commit_signoff_required": false
          },
          "sensitive_attributes": [],
          "private": "eyJzY2hlbWFfdmVyc2lvbiI6IjEifQ=="
        }
      ]
    }
  ],
  "check_results": null
}
