{
  "version": 4,
  "terraform_version": "1.8.1",
  "serial": 26,
  "lineage": "a4fdbec8-c2e8-8786-fbde-626b15d42cd9",
  "outputs": {},
  "resources": [
    {
      "mode": "managed",
      "type": "github_branch",
      "name": "development",
      "provider": "provider[\"registry.terraform.io/integrations/github\"]",
      "instances": [
        {
          "schema_version": 0,
          "attributes": {
            "branch": "development",
            "etag": "W/\"97513c6eba071820070fb7182dfd97096051fbf49bad65f6f8e83ad6e25d97cb\"",
            "id": "Terraform_Repository:development",
            "ref": "refs/heads/development",
            "repository": "Terraform_Repository",
            "sha": "c7293a5250d852d15141372a36c5fe03bd92bd0d",
            "source_branch": "main",
            "source_sha": "c7293a5250d852d15141372a36c5fe03bd92bd0d"
          },
          "sensitive_attributes": [],
          "private": "bnVsbA==",
          "dependencies": [
            "github_repository.Terraform_Repository"
          ]
        }
      ]
    },
    {
      "mode": "managed",
      "type": "github_branch",
      "name": "feature",
      "provider": "provider[\"registry.terraform.io/integrations/github\"]",
      "instances": [
        {
          "schema_version": 0,
          "attributes": {
            "branch": "feature",
            "etag": "W/\"eebd01351138b742ff4824cb833fcd1558ec931352f2970e54be5be8e594df73\"",
            "id": "Terraform_Repository:feature",
            "ref": "refs/heads/feature",
            "repository": "Terraform_Repository",
            "sha": "c7293a5250d852d15141372a36c5fe03bd92bd0d",
            "source_branch": "main",
            "source_sha": "c7293a5250d852d15141372a36c5fe03bd92bd0d"
          },
          "sensitive_attributes": [],
          "private": "bnVsbA==",
          "dependencies": [
            "github_repository.Terraform_Repository"
          ]
        }
      ]
    },
    {
      "mode": "managed",
      "type": "github_branch",
      "name": "release",
      "provider": "provider[\"registry.terraform.io/integrations/github\"]",
      "instances": [
        {
          "schema_version": 0,
          "attributes": {
            "branch": "release",
            "etag": "W/\"24973647ef273a602b0c8f55addbfc6ee0e6042c53d93b0b43938766d0c82724\"",
            "id": "Terraform_Repository:release",
            "ref": "refs/heads/release",
            "repository": "Terraform_Repository",
            "sha": "c7293a5250d852d15141372a36c5fe03bd92bd0d",
            "source_branch": "main",
            "source_sha": "c7293a5250d852d15141372a36c5fe03bd92bd0d"
          },
          "sensitive_attributes": [],
          "private": "bnVsbA==",
          "dependencies": [
            "github_repository.Terraform_Repository"
          ]
        }
      ]
    },
    {
      "mode": "managed",
      "type": "github_repository",
      "name": "Terraform_Repository",
      "provider": "provider[\"registry.terraform.io/integrations/github\"]",
      "instances": [
        {
          "schema_version": 1,
          "attributes": {
            "allow_auto_merge": false,
            "allow_merge_commit": true,
            "allow_rebase_merge": true,
            "allow_squash_merge": true,
            "allow_update_branch": false,
            "archive_on_destroy": null,
            "archived": false,
            "auto_init": null,
            "default_branch": "main",
            "delete_branch_on_merge": false,
            "description": "My awesome repository",
            "etag": "W/\"3416315a91d433d64add99c5dcbc1f3ef8c8202c28943831338c49c56ad0e424\"",
            "full_name": "dasanchezga/Terraform_Repository",
            "git_clone_url": "git://github.com/dasanchezga/Terraform_Repository.git",
            "gitignore_template": null,
            "has_discussions": false,
            "has_downloads": false,
            "has_issues": false,
            "has_projects": false,
            "has_wiki": false,
            "homepage_url": "",
            "html_url": "https://github.com/dasanchezga/Terraform_Repository",
            "http_clone_url": "https://github.com/dasanchezga/Terraform_Repository.git",
            "id": "Terraform_Repository",
            "ignore_vulnerability_alerts_during_read": null,
            "is_template": false,
            "license_template": null,
            "merge_commit_message": "PR_TITLE",
            "merge_commit_title": "MERGE_MESSAGE",
            "name": "Terraform_Repository",
            "node_id": "R_kgDOLvtRIw",
            "pages": [],
            "primary_language": "",
            "private": false,
            "repo_id": 788222243,
            "security_and_analysis": [
              {
                "advanced_security": [],
                "secret_scanning": [
                  {
                    "status": "enabled"
                  }
                ],
                "secret_scanning_push_protection": [
                  {
                    "status": "enabled"
                  }
                ]
              }
            ],
            "squash_merge_commit_message": "COMMIT_MESSAGES",
            "squash_merge_commit_title": "COMMIT_OR_PR_TITLE",
            "ssh_clone_url": "git@github.com:dasanchezga/Terraform_Repository.git",
            "svn_url": "https://github.com/dasanchezga/Terraform_Repository",
            "template": [],
            "topics": [],
            "visibility": "public",
            "vulnerability_alerts": false,
            "web_commit_signoff_required": false
          },
          "sensitive_attributes": [],
          "private": "eyJzY2hlbWFfdmVyc2lvbiI6IjEifQ=="
        }
      ]
    }
  ],
  "check_results": null
}
